
Microsoft Visual Studio Solution File, Format Version 12.00
# Visual Studio Version 16
VisualStudioVersion = 16.0.31105.61
MinimumVisualStudioVersion = 10.0.40219.1
Project("{FAE04EC0-301F-11D3-BF4B-00C04F79EFBC}") = "FrameWorkStatement", "FrameWorkStatement\FrameWorkStatement.csproj", "{4FDCE5DA-8146-49D7-AF2E-170C7781C533}"
EndProject
Project("{FAE04EC0-301F-11D3-BF4B-00C04F79EFBC}") = "FaultLocalization", "FaultLocalization\FaultLocalization.csproj", "{82F8BFBB-8925-4129-8C23-A069DF4BAD88}"
EndProject
Project("{FAE04EC0-301F-11D3-BF4B-00C04F79EFBC}") = "DBDll", "DBDll\DBDll.csproj", "{644C1528-07AE-4EBF-9A26-C1887EE928FA}"
EndProject
Project("{FAE04EC0-301F-11D3-BF4B-00C04F79EFBC}") = "ConfigDll", "ConfigDll\ConfigDll.csproj", "{A7E926B1-1989-4297-88AA-EACC00A857E4}"
EndProject
Project("{FAE04EC0-301F-11D3-BF4B-00C04F79EFBC}") = "ExcelDll", "ExcelDll\ExcelDll.csproj", "{C260C0FC-45B5-4B03-8E36-9DC5527075BD}"
EndProject
Global
	GlobalSection(SolutionConfigurationPlatforms) = preSolution
		Debug|Any CPU = Debug|Any CPU
		Release|Any CPU = Release|Any CPU
	EndGlobalSection
	GlobalSection(ProjectConfigurationPlatforms) = postSolution
		{4FDCE5DA-8146-49D7-AF2E-170C7781C533}.Debug|Any CPU.ActiveCfg = Debug|Any CPU
		{4FDCE5DA-8146-49D7-AF2E-170C7781C533}.Debug|Any CPU.Build.0 = Debug|Any CPU
		{4FDCE5DA-8146-49D7-AF2E-170C7781C533}.Release|Any CPU.ActiveCfg = Release|Any CPU
		{4FDCE5DA-8146-49D7-AF2E-170C7781C533}.Release|Any CPU.Build.0 = Release|Any CPU
		{82F8BFBB-8925-4129-8C23-A069DF4BAD88}.Debug|Any CPU.ActiveCfg = Debug|Any CPU
		{82F8BFBB-8925-4129-8C23-A069DF4BAD88}.Debug|Any CPU.Build.0 = Debug|Any CPU
		{82F8BFBB-8925-4129-8C23-A069DF4BAD88}.Release|Any CPU.ActiveCfg = Release|Any CPU
		{82F8BFBB-8925-4129-8C23-A069DF4BAD88}.Release|Any CPU.Build.0 = Release|Any CPU
		{644C1528-07AE-4EBF-9A26-C1887EE928FA}.Debug|Any CPU.ActiveCfg = Debug|Any CPU
		{644C1528-07AE-4EBF-9A26-C1887EE928FA}.Debug|Any CPU.Build.0 = Debug|Any CPU
		{644C1528-07AE-4EBF-9A26-C1887EE928FA}.Release|Any CPU.ActiveCfg = Release|Any CPU
		{644C1528-07AE-4EBF-9A26-C1887EE928FA}.Release|Any CPU.Build.0 = Release|Any CPU
		{A7E926B1-1989-4297-88AA-EACC00A857E4}.Debug|Any CPU.ActiveCfg = Debug|Any CPU
		{A7E926B1-1989-4297-88AA-EACC00A857E4}.Debug|Any CPU.Build.0 = Debug|Any CPU
		{A7E926B1-1989-4297-88AA-EACC00A857E4}.Release|Any CPU.ActiveCfg = Release|Any CPU
		{A7E926B1-1989-4297-88AA-EACC00A857E4}.Release|Any CPU.Build.0 = Release|Any CPU
		{C260C0FC-45B5-4B03-8E36-9DC5527075BD}.Debug|Any CPU.ActiveCfg = Debug|Any CPU
		{C260C0FC-45B5-4B03-8E36-9DC5527075BD}.Debug|Any CPU.Build.0 = Debug|Any CPU
		{C260C0FC-45B5-4B03-8E36-9DC5527075BD}.Release|Any CPU.ActiveCfg = Release|Any CPU
		{C260C0FC-45B5-4B03-8E36-9DC5527075BD}.Release|Any CPU.Build.0 = Release|Any CPU
	EndGlobalSection
	GlobalSection(SolutionProperties) = preSolution
		HideSolutionNode = FALSE
	EndGlobalSection
	GlobalSection(ExtensibilityGlobals) = postSolution
		SolutionGuid = {4550278F-81AB-4CD4-802E-8D0869BB8EB5}
	EndGlobalSection
EndGlobal
